
Microsoft Visual Studio Solution File, Format Version 12.00
# Visual Studio Version 16
VisualStudioVersion = 16.0.29102.190
MinimumVisualStudioVersion = 10.0.40219.1
Project("{FAE04EC0-301F-11D3-BF4B-00C04F79EFBC}") = "FileList", "FileList.csproj", "{66FAB6B0-1C66-4921-BE2D-B93640A62580}"
EndProject
Project("{FAE04EC0-301F-11D3-BF4B-00C04F79EFBC}") = "Common", "Common\Common.csproj", "{43DF2658-688F-4DBB-BC72-26C5E7D418A1}"
EndProject
Project("{FAE04EC0-301F-11D3-BF4B-00C04F79EFBC}") = "FilePreview", "FilePreview\FilePreview.csproj", "{3E728666-F6A6-412F-BAF0-BAFF823BDD02}"
EndProject
Project("{F184B08F-C81C-45F6-A57F-5ABD9991F28F}") = "PDFView", "PDFView\PDFView.vbproj", "{170D7D1B-61B9-4E8B-9CD3-88350725379F}"
EndProject
Global
	GlobalSection(SolutionConfigurationPlatforms) = preSolution
		Debug|Any CPU = Debug|Any CPU
		Debug|x64 = Debug|x64
		Debug|x86 = Debug|x86
		Release|Any CPU = Release|Any CPU
		Release|x64 = Release|x64
		Release|x86 = Release|x86
	EndGlobalSection
	GlobalSection(ProjectConfigurationPlatforms) = postSolution
		{66FAB6B0-1C66-4921-BE2D-B93640A62580}.Debug|Any CPU.ActiveCfg = Debug|Any CPU
		{66FAB6B0-1C66-4921-BE2D-B93640A62580}.Debug|Any CPU.Build.0 = Debug|Any CPU
		{66FAB6B0-1C66-4921-BE2D-B93640A62580}.Debug|x64.ActiveCfg = Debug|Any CPU
		{66FAB6B0-1C66-4921-BE2D-B93640A62580}.Debug|x64.Build.0 = Debug|Any CPU
		{66FAB6B0-1C66-4921-BE2D-B93640A62580}.Debug|x86.ActiveCfg = Debug|Any CPU
		{66FAB6B0-1C66-4921-BE2D-B93640A62580}.Debug|x86.Build.0 = Debug|Any CPU
		{66FAB6B0-1C66-4921-BE2D-B93640A62580}.Release|Any CPU.ActiveCfg = Release|Any CPU
		{66FAB6B0-1C66-4921-BE2D-B93640A62580}.Release|Any CPU.Build.0 = Release|Any CPU
		{66FAB6B0-1C66-4921-BE2D-B93640A62580}.Release|x64.ActiveCfg = Release|Any CPU
		{66FAB6B0-1C66-4921-BE2D-B93640A62580}.Release|x64.Build.0 = Release|Any CPU
		{66FAB6B0-1C66-4921-BE2D-B93640A62580}.Release|x86.ActiveCfg = Release|x86
		{66FAB6B0-1C66-4921-BE2D-B93640A62580}.Release|x86.Build.0 = Release|x86
		{43DF2658-688F-4DBB-BC72-26C5E7D418A1}.Debug|Any CPU.ActiveCfg = Debug|Any CPU
		{43DF2658-688F-4DBB-BC72-26C5E7D418A1}.Debug|Any CPU.Build.0 = Debug|Any CPU
		{43DF2658-688F-4DBB-BC72-26C5E7D418A1}.Debug|x64.ActiveCfg = Debug|Any CPU
		{43DF2658-688F-4DBB-BC72-26C5E7D418A1}.Debug|x64.Build.0 = Debug|Any CPU
		{43DF2658-688F-4DBB-BC72-26C5E7D418A1}.Debug|x86.ActiveCfg = Debug|Any CPU
		{43DF2658-688F-4DBB-BC72-26C5E7D418A1}.Debug|x86.Build.0 = Debug|Any CPU
		{43DF2658-688F-4DBB-BC72-26C5E7D418A1}.Release|Any CPU.ActiveCfg = Release|Any CPU
		{43DF2658-688F-4DBB-BC72-26C5E7D418A1}.Release|Any CPU.Build.0 = Release|Any CPU
		{43DF2658-688F-4DBB-BC72-26C5E7D418A1}.Release|x64.ActiveCfg = Release|Any CPU
		{43DF2658-688F-4DBB-BC72-26C5E7D418A1}.Release|x64.Build.0 = Release|Any CPU
		{43DF2658-688F-4DBB-BC72-26C5E7D418A1}.Release|x86.ActiveCfg = Release|Any CPU
		{43DF2658-688F-4DBB-BC72-26C5E7D418A1}.Release|x86.Build.0 = Release|Any CPU
		{3E728666-F6A6-412F-BAF0-BAFF823BDD02}.Debug|Any CPU.ActiveCfg = Debug|Any CPU
		{3E728666-F6A6-412F-BAF0-BAFF823BDD02}.Debug|Any CPU.Build.0 = Debug|Any CPU
		{3E728666-F6A6-412F-BAF0-BAFF823BDD02}.Debug|x64.ActiveCfg = Debug|Any CPU
		{3E728666-F6A6-412F-BAF0-BAFF823BDD02}.Debug|x64.Build.0 = Debug|Any CPU
		{3E728666-F6A6-412F-BAF0-BAFF823BDD02}.Debug|x86.ActiveCfg = Debug|Any CPU
		{3E728666-F6A6-412F-BAF0-BAFF823BDD02}.Debug|x86.Build.0 = Debug|Any CPU
		{3E728666-F6A6-412F-BAF0-BAFF823BDD02}.Release|Any CPU.ActiveCfg = Release|Any CPU
		{3E728666-F6A6-412F-BAF0-BAFF823BDD02}.Release|Any CPU.Build.0 = Release|Any CPU
		{3E728666-F6A6-412F-BAF0-BAFF823BDD02}.Release|x64.ActiveCfg = Release|Any CPU
		{3E728666-F6A6-412F-BAF0-BAFF823BDD02}.Release|x64.Build.0 = Release|Any CPU
		{3E728666-F6A6-412F-BAF0-BAFF823BDD02}.Release|x86.ActiveCfg = Release|Any CPU
		{3E728666-F6A6-412F-BAF0-BAFF823BDD02}.Release|x86.Build.0 = Release|Any CPU
		{170D7D1B-61B9-4E8B-9CD3-88350725379F}.Debug|Any CPU.ActiveCfg = Debug|Any CPU
		{170D7D1B-61B9-4E8B-9CD3-88350725379F}.Debug|Any CPU.Build.0 = Debug|Any CPU
		{170D7D1B-61B9-4E8B-9CD3-88350725379F}.Debug|x64.ActiveCfg = Debug|x64
		{170D7D1B-61B9-4E8B-9CD3-88350725379F}.Debug|x64.Build.0 = Debug|x64
		{170D7D1B-61B9-4E8B-9CD3-88350725379F}.Debug|x86.ActiveCfg = Debug|x86
		{170D7D1B-61B9-4E8B-9CD3-88350725379F}.Debug|x86.Build.0 = Debug|x86
		{170D7D1B-61B9-4E8B-9CD3-88350725379F}.Release|Any CPU.ActiveCfg = Release|Any CPU
		{170D7D1B-61B9-4E8B-9CD3-88350725379F}.Release|Any CPU.Build.0 = Release|Any CPU
		{170D7D1B-61B9-4E8B-9CD3-88350725379F}.Release|x64.ActiveCfg = Release|x64
		{170D7D1B-61B9-4E8B-9CD3-88350725379F}.Release|x64.Build.0 = Release|x64
		{170D7D1B-61B9-4E8B-9CD3-88350725379F}.Release|x86.ActiveCfg = Release|x86
		{170D7D1B-61B9-4E8B-9CD3-88350725379F}.Release|x86.Build.0 = Release|x86
	EndGlobalSection
	GlobalSection(SolutionProperties) = preSolution
		HideSolutionNode = FALSE
	EndGlobalSection
	GlobalSection(ExtensibilityGlobals) = postSolution
		SolutionGuid = {7DCC1239-6526-44D9-A1C0-02740747FDA4}
	EndGlobalSection
EndGlobal
